{
  "name": "intro-to-node",
  "version": "1.0.0",
  "lockfileVersion": 1,
  "requires": true,
  "dependencies": {
    "crypto-shuffle": {
      "version": "1.0.1",
      "resolved": "https://registry.npmjs.org/crypto-shuffle/-/crypto-shuffle-1.0.1.tgz",
      "integrity": "sha1-YJP3ieG5N7a49UEGKThfd0xmFN8=",
      "requires": {
        "get-random-values": "^1.2.0"
      }
    },
    "dom-walk": {
      "version": "0.1.2",
      "resolved": "https://registry.npmjs.org/dom-walk/-/dom-walk-0.1.2.tgz",
      "integrity": "sha512-6QvTW9mrGeIegrFXdtQi9pk7O/nSK6lSdXW2eqUspN5LWD7UTji2Fqw5V2YLjBpHEoU9Xl/eUWNpDeZvoyOv2w=="
    },
    "get-random-values": {
      "version": "1.2.2",
      "resolved": "https://registry.npmjs.org/get-random-values/-/get-random-values-1.2.2.tgz",
      "integrity": "sha512-lMyPjQyl0cNNdDf2oR+IQ/fM3itDvpoHy45Ymo2r0L1EjazeSl13SfbKZs7KtZ/3MDCeueiaJiuOEfKqRTsSgA==",
      "requires": {
        "global": "^4.4.0"
      }
    },
    "global": {
      "version": "4.4.0",
      "resolved": "https://registry.npmjs.org/global/-/global-4.4.0.tgz",
      "integrity": "sha512-wv/LAoHdRE3BeTGz53FAamhGlPLhlssK45usmGFThIi4XqnBmjKQ16u+RNbP7WvigRZDxUsM0J3gcQ5yicaL0w==",
      "requires": {
        "min-document": "^2.19.0",
        "process": "^0.11.10"
      }
    },
    "min-document": {
      "version": "2.19.0",
      "resolved": "https://registry.npmjs.org/min-document/-/min-document-2.19.0.tgz",
      "integrity": "sha1-e9KC4/WELtKVu3SM3Z8f+iyCRoU=",
      "requires": {
        "dom-walk": "^0.1.0"
      }
    },
    "process": {
      "version": "0.11.10",
      "resolved": "https://registry.npmjs.org/process/-/process-0.11.10.tgz",
      "integrity": "sha1-czIwDoQBYb2j5podHZGn1LwW8YI="
    },
    "random-food-emoji": {
      "version": "2.0.1",
      "resolved": "https://registry.npmjs.org/random-food-emoji/-/random-food-emoji-2.0.1.tgz",
      "integrity": "sha512-Dmud0aCZtMTpLgkfwXvQL7aZ248Z/1e7kXcV8pMb1CT5hyfA/vdSoBk18cbiPA4x3n2ZlDyS2rcakV08HsJatA==",
      "requires": {
        "crypto-shuffle": "1.0.1"
      }
    },
    "superhero-name-library": {
      "version": "1.2.2",
      "resolved": "https://registry.npmjs.org/superhero-name-library/-/superhero-name-library-1.2.2.tgz",
      "integrity": "sha512-ciJiJTBUfLYr2/qZr+YKEftcEBGwC33Lb6NrFm2hSGOPek52OyGdy8pGWM/j3Vefd5oSlH11hrMuC/C3tZF0HQ==",
      "requires": {
        "unique-random-array": "2.0.0"
      }
    },
    "unique-random": {
      "version": "2.1.0",
      "resolved": "https://registry.npmjs.org/unique-random/-/unique-random-2.1.0.tgz",
      "integrity": "sha512-iQ1ZgWac3b8YxGThecQFRQiqgk6xFERRwHZIWeVVsqlbmgCRl0PY13R4mUkodNgctmg5b5odG1nyW/IbOxQTqg=="
    },
    "unique-random-array": {
      "version": "2.0.0",
      "resolved": "https://registry.npmjs.org/unique-random-array/-/unique-random-array-2.0.0.tgz",
      "integrity": "sha512-xR87O95fZ7hljw84J8r1YDXrvffPLWN513BNOP4Bv0KcgG5dyEUrHwsvP7mVAOKg4Y80uqRbpUk0GKr8il70qg==",
      "requires": {
        "unique-random": "^2.1.0"
      }
    }
  }
}
